
Microsoft Visual Studio Solution File, Format Version 12.00
# Visual Studio Version 16
VisualStudioVersion = 16.0.30002.166
MinimumVisualStudioVersion = 10.0.40219.1
Project("{9A19103F-16F7-4668-BE54-9A1E7A4F7556}") = "CoreProjectClient.Web", "CoreProjectClient.Web\CoreProjectClient.Web.csproj", "{CCF7513A-A891-47EF-83B6-F56361F1A8B2}"
EndProject
Project("{9A19103F-16F7-4668-BE54-9A1E7A4F7556}") = "CoreProjectClient.Data", "CoreProjectClient.Data\CoreProjectClient.Data.csproj", "{57A013A6-3DDB-400F-937D-00937D36DFDE}"
EndProject
Project("{FAE04EC0-301F-11D3-BF4B-00C04F79EFBC}") = "CoreProjectClient.Service", "CoreProjectClient.Service\CoreProjectClient.Service.csproj", "{812E9BDE-3059-4792-8310-29DD7BCEE5F3}"
EndProject
Global
	GlobalSection(SolutionConfigurationPlatforms) = preSolution
		Debug|Any CPU = Debug|Any CPU
		Release|Any CPU = Release|Any CPU
	EndGlobalSection
	GlobalSection(ProjectConfigurationPlatforms) = postSolution
		{CCF7513A-A891-47EF-83B6-F56361F1A8B2}.Debug|Any CPU.ActiveCfg = Debug|Any CPU
		{CCF7513A-A891-47EF-83B6-F56361F1A8B2}.Debug|Any CPU.Build.0 = Debug|Any CPU
		{CCF7513A-A891-47EF-83B6-F56361F1A8B2}.Release|Any CPU.ActiveCfg = Release|Any CPU
		{CCF7513A-A891-47EF-83B6-F56361F1A8B2}.Release|Any CPU.Build.0 = Release|Any CPU
		{57A013A6-3DDB-400F-937D-00937D36DFDE}.Debug|Any CPU.ActiveCfg = Debug|Any CPU
		{57A013A6-3DDB-400F-937D-00937D36DFDE}.Debug|Any CPU.Build.0 = Debug|Any CPU
		{57A013A6-3DDB-400F-937D-00937D36DFDE}.Release|Any CPU.ActiveCfg = Release|Any CPU
		{57A013A6-3DDB-400F-937D-00937D36DFDE}.Release|Any CPU.Build.0 = Release|Any CPU
		{812E9BDE-3059-4792-8310-29DD7BCEE5F3}.Debug|Any CPU.ActiveCfg = Debug|Any CPU
		{812E9BDE-3059-4792-8310-29DD7BCEE5F3}.Debug|Any CPU.Build.0 = Debug|Any CPU
		{812E9BDE-3059-4792-8310-29DD7BCEE5F3}.Release|Any CPU.ActiveCfg = Release|Any CPU
		{812E9BDE-3059-4792-8310-29DD7BCEE5F3}.Release|Any CPU.Build.0 = Release|Any CPU
	EndGlobalSection
	GlobalSection(SolutionProperties) = preSolution
		HideSolutionNode = FALSE
	EndGlobalSection
	GlobalSection(ExtensibilityGlobals) = postSolution
		SolutionGuid = {271A771D-C987-4B9D-8400-B91031CC6E63}
	EndGlobalSection
EndGlobal
